// !$*UTF8*$!
{
	archiveVersion = 1;
	classes = {
	};
	objectVersion = 48;
	objects = {

/* Begin PBXBuildFile section */
		9C4D0BFA204BEAE100006699 /* Concentrate.swift in Sources */ = {isa = PBXBuildFile; fileRef = 9C4D0BF9204BEAE100006699 /* Concentrate.swift */; };
		9C4D0BFC204D0AF700006699 /* Card.swift in Sources */ = {isa = PBXBuildFile; fileRef = 9C4D0BFB204D0AF700006699 /* Card.swift */; };
		9C8BF01C2044BB5500F4E85B /* AppDelegate.swift in Sources */ = {isa = PBXBuildFile; fileRef = 9C8BF01B2044BB5500F4E85B /* AppDelegate.swift */; };
		9C8BF01E2044BB5500F4E85B /* ViewController.swift in Sources */ = {isa = PBXBuildFile; fileRef = 9C8BF01D2044BB5500F4E85B /* ViewController.swift */; };
		9C8BF0212044BB5500F4E85B /* Main.storyboard in Resources */ = {isa = PBXBuildFile; fileRef = 9C8BF01F2044BB5500F4E85B /* Main.storyboard */; };
		9C8BF0232044BB5500F4E85B /* Assets.xcassets in Resources */ = {isa = PBXBuildFile; fileRef = 9C8BF0222044BB5500F4E85B /* Assets.xcassets */; };
		9C8BF0262044BB5500F4E85B /* LaunchScreen.storyboard in Resources */ = {isa = PBXBuildFile; fileRef = 9C8BF0242044BB5500F4E85B /* LaunchScreen.storyboard */; };
/* End PBXBuildFile section */

/* Begin PBXFileReference section */
		9C4D0BF9204BEAE100006699 /* Concentrate.swift */ = {isa = PBXFileReference; lastKnownFileType = sourcecode.swift; path = Concentrate.swift; sourceTree = "<group>"; };
		9C4D0BFB204D0AF700006699 /* Card.swift */ = {isa = PBXFileReference; lastKnownFileType = sourcecode.swift; path = Card.swift; sourceTree = "<group>"; };
		9C8BF0182044BB5500F4E85B /* Concentrate.app */ = {isa = PBXFileReference; explicitFileType = wrapper.application; includeInIndex = 0; path = Concentrate.app; sourceTree = BUILT_PRODUCTS_DIR; };
		9C8BF01B2044BB5500F4E85B /* AppDelegate.swift */ = {isa = PBXFileReference; lastKnownFileType = sourcecode.swift; path = AppDelegate.swift; sourceTree = "<group>"; };
		9C8BF01D2044BB5500F4E85B /* ViewController.swift */ = {isa = PBXFileReference; lastKnownFileType = sourcecode.swift; path = ViewController.swift; sourceTree = "<group>"; };
		9C8BF0202044BB5500F4E85B /* Base */ = {isa = PBXFileReference; lastKnownFileType = file.storyboard; name = Base; path = Base.lproj/Main.storyboard; sourceTree = "<group>"; };
		9C8BF0222044BB5500F4E85B /* Assets.xcassets */ = {isa = PBXFileReference; lastKnownFileType = folder.assetcatalog; path = Assets.xcassets; sourceTree = "<group>"; };
		9C8BF0252044BB5500F4E85B /* Base */ = {isa = PBXFileReference; lastKnownFileType = file.storyboard; name = Base; path = Base.lproj/LaunchScreen.storyboard; sourceTree = "<group>"; };
		9C8BF0272044BB5500F4E85B /* Info.plist */ = {isa = PBXFileReference; lastKnownFileType = text.plist.xml; path = Info.plist; sourceTree = "<group>"; };
/* End PBXFileReference section */

/* Begin PBXFrameworksBuildPhase section */
		9C8BF0152044BB5400F4E85B /* Frameworks */ = {
			isa = PBXFrameworksBuildPhase;
			buildActionMask = 2147483647;
			files = (
			);
			runOnlyForDeploymentPostprocessing = 0;
		};
/* End PBXFrameworksBuildPhase section */

/* Begin PBXGroup section */
		9C8BF00F2044BB5400F4E85B = {
			isa = PBXGroup;
			children = (
				9C8BF01A2044BB5500F4E85B /* Concentrate */,
				9C8BF0192044BB5500F4E85B /* Products */,
			);
			sourceTree = "<group>";
		};
		9C8BF0192044BB5500F4E85B /* Products */ = {
			isa = PBXGroup;
			children = (
				9C8BF0182044BB5500F4E85B /* Concentrate.app */,
			);
			name = Products;
			sourceTree = "<group>";
		};
		9C8BF01A2044BB5500F4E85B /* Concentrate */ = {
			isa = PBXGroup;
			children = (
				9C8BF02D2044BC7300F4E85B /* Supporting Files */,
				9C8BF01D2044BB5500F4E85B /* ViewController.swift */,
				9C8BF01F2044BB5500F4E85B /* Main.storyboard */,
				9C8BF0272044BB5500F4E85B /* Info.plist */,
				9C4D0BF9204BEAE100006699 /* Concentrate.swift */,
				9C4D0BFB204D0AF700006699 /* Card.swift */,
			);
			path = Concentrate;
			sourceTree = "<group>";
		};
		9C8BF02D2044BC7300F4E85B /* Supporting Files */ = {
			isa = PBXGroup;
			children = (
				9C8BF01B2044BB5500F4E85B /* AppDelegate.swift */,
				9C8BF0222044BB5500F4E85B /* Assets.xcassets */,
				9C8BF0242044BB5500F4E85B /* LaunchScreen.storyboard */,
			);
			path = "Supporting Files";
			sourceTree = "<group>";
		};
/* End PBXGroup section */

/* Begin PBXNativeTarget section */
		9C8BF0172044BB5400F4E85B /* Concentrate */ = {
			isa = PBXNativeTarget;
			buildConfigurationList = 9C8BF02A2044BB5500F4E85B /* Build configuration list for PBXNativeTarget "Concentrate" */;
			buildPhases = (
				9C8BF0142044BB5400F4E85B /* Sources */,
				9C8BF0152044BB5400F4E85B /* Frameworks */,
				9C8BF0162044BB5400F4E85B /* Resources */,
			);
			buildRules = (
			);
			dependencies = (
			);
			name = Concentrate;
			productName = Concentrate;
			productReference = 9C8BF0182044BB5500F4E85B /* Concentrate.app */;
			productType = "com.apple.product-type.application";
		};
/* End PBXNativeTarget section */

/* Begin PBXProject section */
		9C8BF0102044BB5400F4E85B /* Project object */ = {
			isa = PBXProject;
			attributes = {
				LastSwiftUpdateCheck = 0920;
				LastUpgradeCheck = 0920;
				ORGANIZATIONNAME = Lien;
				TargetAttributes = {
					9C8BF0172044BB5400F4E85B = {
						CreatedOnToolsVersion = 9.2;
						ProvisioningStyle = Automatic;
					};
				};
			};
			buildConfigurationList = 9C8BF0132044BB5400F4E85B /* Build configuration list for PBXProject "Concentrate" */;
			compatibilityVersion = "Xcode 8.0";
			developmentRegion = en;
			hasScannedForEncodings = 0;
			knownRegions = (
				en,
				Base,
			);
			mainGroup = 9C8BF00F2044BB5400F4E85B;
			productRefGroup = 9C8BF0192044BB5500F4E85B /* Products */;
			projectDirPath = "";
			projectRoot = "";
			targets = (
				9C8BF0172044BB5400F4E85B /* Concentrate */,
			);
		};
/* End PBXProject section */

/* Begin PBXResourcesBuildPhase section */
		9C8BF0162044BB5400F4E85B /* Resources */ = {
			isa = PBXResourcesBuildPhase;
			buildActionMask = 2147483647;
			files = (
				9C8BF0262044BB5500F4E85B /* LaunchScreen.storyboard in Resources */,
				9C8BF0232044BB5500F4E85B /* Assets.xcassets in Resources */,
				9C8BF0212044BB5500F4E85B /* Main.storyboard in Resources */,
			);
			runOnlyForDeploymentPostprocessing = 0;
		};
/* End PBXResourcesBuildPhase section */

/* Begin PBXSourcesBuildPhase section */
		9C8BF0142044BB5400F4E85B /* Sources */ = {
			isa = PBXSourcesBuildPhase;
			buildActionMask = 2147483647;
			files = (
				9C8BF01E2044BB5500F4E85B /* ViewController.swift in Sources */,
				9C8BF01C2044BB5500F4E85B /* AppDelegate.swift in Sources */,
				9C4D0BFA204BEAE100006699 /* Concentrate.swift in Sources */,
				9C4D0BFC204D0AF700006699 /* Card.swift in Sources */,
			);
			runOnlyForDeploymentPostprocessing = 0;
		};
/* End PBXSourcesBuildPhase section */

/* Begin PBXVariantGroup section */
		9C8BF01F2044BB5500F4E85B /* Main.storyboard */ = {
			isa = PBXVariantGroup;
			children = (
				9C8BF0202044BB5500F4E85B /* Base */,
			);
			name = Main.storyboard;
			sourceTree = "<group>";
		};
		9C8BF0242044BB5500F4E85B /* LaunchScreen.storyboard */ = {
			isa = PBXVariantGroup;
			children = (
				9C8BF0252044BB5500F4E85B /* Base */,
			);
			name = LaunchScreen.storyboard;
			sourceTree = "<group>";
		};
/* End PBXVariantGroup section */

/* Begin XCBuildConfiguration section */
		9C8BF0282044BB5500F4E85B /* Debug */ = {
			isa = XCBuildConfiguration;
			buildSettings = {
				ALWAYS_SEARCH_USER_PATHS = NO;
				CLANG_ANALYZER_NONNULL = YES;
				CLANG_ANALYZER_NUMBER_OBJECT_CONVERSION = YES_AGGRESSIVE;
				CLANG_CXX_LANGUAGE_STANDARD = "gnu++14";
				CLANG_CXX_LIBRARY = "libc++";
				CLANG_ENABLE_MODULES = YES;
				CLANG_ENABLE_OBJC_ARC = YES;
				CLANG_WARN_BLOCK_CAPTURE_AUTORELEASING = YES;
				CLANG_WARN_BOOL_CONVERSION = YES;
				CLANG_WARN_COMMA = YES;
				CLANG_WARN_CONSTANT_CONVERSION = YES;
				CLANG_WARN_DIRECT_OBJC_ISA_USAGE = YES_ERROR;
				CLANG_WARN_DOCUMENTATION_COMMENTS = YES;
				CLANG_WARN_EMPTY_BODY = YES;
				CLANG_WARN_ENUM_CONVERSION = YES;
				CLANG_WARN_INFINITE_RECURSION = YES;
				CLANG_WARN_INT_CONVERSION = YES;
				CLANG_WARN_NON_LITERAL_NULL_CONVERSION = YES;
				CLANG_WARN_OBJC_LITERAL_CONVERSION = YES;
				CLANG_WARN_OBJC_ROOT_CLASS = YES_ERROR;
				CLANG_WARN_RANGE_LOOP_ANALYSIS = YES;
				CLANG_WARN_STRICT_PROTOTYPES = YES;
				CLANG_WARN_SUSPICIOUS_MOVE = YES;
				CLANG_WARN_UNGUARDED_AVAILABILITY = YES_AGGRESSIVE;
				CLANG_WARN_UNREACHABLE_CODE = YES;
				CLANG_WARN__DUPLICATE_METHOD_MATCH = YES;
				CODE_SIGN_IDENTITY = "iPhone Developer";
				COPY_PHASE_STRIP = NO;
				DEBUG_INFORMATION_FORMAT = dwarf;
				ENABLE_STRICT_OBJC_MSGSEND = YES;
				ENABLE_TESTABILITY = YES;
				GCC_C_LANGUAGE_STANDARD = gnu11;
				GCC_DYNAMIC_NO_PIC = NO;
				GCC_NO_COMMON_BLOCKS = YES;
				GCC_OPTIMIZATION_LEVEL = 0;
				GCC_PREPROCESSOR_DEFINITIONS = (
					"DEBUG=1",
					"$(inherited)",
				);
				GCC_WARN_64_TO_32_BIT_CONVERSION = YES;
				GCC_WARN_ABOUT_RETURN_TYPE = YES_ERROR;
				GCC_WARN_UNDECLARED_SELECTOR = YES;
				GCC_WARN_UNINITIALIZED_AUTOS = YES_AGGRESSIVE;
				GCC_WARN_UNUSED_FUNCTION = YES;
				GCC_WARN_UNUSED_VARIABLE = YES;
				IPHONEOS_DEPLOYMENT_TARGET = 11.2;
				MTL_ENABLE_DEBUG_INFO = YES;
				ONLY_ACTIVE_ARCH = YES;
				SDKROOT = iphoneos;
				SWIFT_ACTIVE_COMPILATION_CONDITIONS = DEBUG;
				SWIFT_OPTIMIZATION_LEVEL = "-Onone";
			};
			name = Debug;
		};
		9C8BF0292044BB5500F4E85B /* Release */ = {
			isa = XCBuildConfiguration;
			buildSettings = {
				ALWAYS_SEARCH_USER_PATHS = NO;
				CLANG_ANALYZER_NONNULL = YES;
				CLANG_ANALYZER_NUMBER_OBJECT_CONVERSION = YES_AGGRESSIVE;
				CLANG_CXX_LANGUAGE_STANDARD = "gnu++14";
				CLANG_CXX_LIBRARY = "libc++";
				CLANG_ENABLE_MODULES = YES;
				CLANG_ENABLE_OBJC_ARC = YES;
				CLANG_WARN_BLOCK_CAPTURE_AUTORELEASING = YES;
				CLANG_WARN_BOOL_CONVERSION = YES;
				CLANG_WARN_COMMA = YES;
				CLANG_WARN_CONSTANT_CONVERSION = YES;
				CLANG_WARN_DIRECT_OBJC_ISA_USAGE = YES_ERROR;
				CLANG_WARN_DOCUMENTATION_COMMENTS = YES;
				CLANG_WARN_EMPTY_BODY = YES;
				CLANG_WARN_ENUM_CONVERSION = YES;
				CLANG_WARN_INFINITE_RECURSION = YES;
				CLANG_WARN_INT_CONVERSION = YES;
				CLANG_WARN_NON_LITERAL_NULL_CONVERSION = YES;
				CLANG_WARN_OBJC_LITERAL_CONVERSION = YES;
				CLANG_WARN_OBJC_ROOT_CLASS = YES_ERROR;
				CLANG_WARN_RANGE_LOOP_ANALYSIS = YES;
				CLANG_WARN_STRICT_PROTOTYPES = YES;
				CLANG_WARN_SUSPICIOUS_MOVE = YES;
				CLANG_WARN_UNGUARDED_AVAILABILITY = YES_AGGRESSIVE;
				CLANG_WARN_UNREACHABLE_CODE = YES;
				CLANG_WARN__DUPLICATE_METHOD_MATCH = YES;
				CODE_SIGN_IDENTITY = "iPhone Developer";
				COPY_PHASE_STRIP = NO;
				DEBUG_INFORMATION_FORMAT = "dwarf-with-dsym";
				ENABLE_NS_ASSERTIONS = NO;
				ENABLE_STRICT_OBJC_MSGSEND = YES;
				GCC_C_LANGUAGE_STANDARD = gnu11;
				GCC_NO_COMMON_BLOCKS = YES;
				GCC_WARN_64_TO_32_BIT_CONVERSION = YES;
				GCC_WARN_ABOUT_RETURN_TYPE = YES_ERROR;
				GCC_WARN_UNDECLARED_SELECTOR = YES;
				GCC_WARN_UNINITIALIZED_AUTOS = YES_AGGRESSIVE;
				GCC_WARN_UNUSED_FUNCTION = YES;
				GCC_WARN_UNUSED_VARIABLE = YES;
				IPHONEOS_DEPLOYMENT_TARGET = 11.2;
				MTL_ENABLE_DEBUG_INFO = NO;
				SDKROOT = iphoneos;
				SWIFT_OPTIMIZATION_LEVEL = "-Owholemodule";
				VALIDATE_PRODUCT = YES;
			};
			name = Release;
		};
		9C8BF02B2044BB5500F4E85B /* Debug */ = {
			isa = XCBuildConfiguration;
			buildSettings = {
				ASSETCATALOG_COMPILER_APPICON_NAME = AppIcon;
				CODE_SIGN_STYLE = Automatic;
				DEVELOPMENT_TEAM = 8Y7277W7L3;
				INFOPLIST_FILE = Concentrate/Info.plist;
				LD_RUNPATH_SEARCH_PATHS = "$(inherited) @executable_path/Frameworks";
				PRODUCT_BUNDLE_IDENTIFIER = kevinlien.Concentrate;
				PRODUCT_NAME = "$(TARGET_NAME)";
				SWIFT_VERSION = 4.0;
				TARGETED_DEVICE_FAMILY = "1,2";
			};
			name = Debug;
		};
		9C8BF02C2044BB5500F4E85B /* Release */ = {
			isa = XCBuildConfiguration;
			buildSettings = {
				ASSETCATALOG_COMPILER_APPICON_NAME = AppIcon;
				CODE_SIGN_STYLE = Automatic;
				DEVELOPMENT_TEAM = 8Y7277W7L3;
				INFOPLIST_FILE = Concentrate/Info.plist;
				LD_RUNPATH_SEARCH_PATHS = "$(inherited) @executable_path/Frameworks";
				PRODUCT_BUNDLE_IDENTIFIER = kevinlien.Concentrate;
				PRODUCT_NAME = "$(TARGET_NAME)";
				SWIFT_VERSION = 4.0;
				TARGETED_DEVICE_FAMILY = "1,2";
			};
			name = Release;
		};
/* End XCBuildConfiguration section */

/* Begin XCConfigurationList section */
		9C8BF0132044BB5400F4E85B /* Build configuration list for PBXProject "Concentrate" */ = {
			isa = XCConfigurationList;
			buildConfigurations = (
				9C8BF0282044BB5500F4E85B /* Debug */,
				9C8BF0292044BB5500F4E85B /* Release */,
			);
			defaultConfigurationIsVisible = 0;
			defaultConfigurationName = Release;
		};
		9C8BF02A2044BB5500F4E85B /* Build configuration list for PBXNativeTarget "Concentrate" */ = {
			isa = XCConfigurationList;
			buildConfigurations = (
				9C8BF02B2044BB5500F4E85B /* Debug */,
				9C8BF02C2044BB5500F4E85B /* Release */,
			);
			defaultConfigurationIsVisible = 0;
			defaultConfigurationName = Release;
		};
/* End XCConfigurationList section */
	};
	rootObject = 9C8BF0102044BB5400F4E85B /* Project object */;
}
